{
    "easycorp/easyadmin-bundle": {
        "version": "2.0",
        "recipe": {
            "repo": "github.com/symfony/recipes",
            "branch": "master",
            "version": "2.0",
            "ref": "0a51040a43c6f2172a3a0135cd15daf2043905d7"
        },
        "files": [
            "config/packages/easy_admin.yaml",
            "config/routes/easy_admin.yaml"
        ]
    },
    "jms/metadata": {
        "version": "2.0.0"
    },
    "jms/serializer": {
        "version": "3.0.0"
    },
    "jms/serializer-bundle": {
        "version": "3.0",
        "recipe": {
            "repo": "github.com/symfony/recipes-contrib",
            "branch": "master",
            "version": "3.0",
            "ref": "384cec52df45f3bfd46a09930d6960a58872b268"
        },
        "files": [
            "config/packages/dev/jms_serializer.yaml",
            "config/packages/jms_serializer.yaml",
            "config/packages/prod/jms_serializer.yaml"
        ]
    },
    "knplabs/knp-components": {
        "version": "v1.3.10"
    },
    "knplabs/knp-paginator-bundle": {
        "version": "v3.0.0"
    },
    "pagerfanta/pagerfanta": {
        "version": "v2.1.2"
    }
}
