{
    "easycorp/easy-log-handler": {
        "version": "v1.0.9"
    },
    "easycorp/easyadmin-bundle": {
        "version": "2.0",
        "recipe": {
            "repo": "github.com/symfony/recipes",
            "branch": "master",
            "version": "2.0",
            "ref": "0a51040a43c6f2172a3a0135cd15daf2043905d7"
        },
        "files": [
            "config/packages/easy_admin.yaml",
            "config/routes/easy_admin.yaml"
        ]
    },
    "guzzlehttp/psr7": {
        "version": "1.6.1"
    },
    "intervention/image": {
        "version": "2.5.1"
    },
    "jdorn/sql-formatter": {
        "version": "v1.2.17"
    },
    "jms/metadata": {
        "version": "2.0.0"
    },
    "knplabs/knp-components": {
        "version": "v1.3.10"
    },
    "knplabs/knp-paginator-bundle": {
        "version": "v3.0.0"
    },
    "ocramius/package-versions": {
        "version": "1.5.1"
    },
    "pagerfanta/pagerfanta": {
        "version": "v2.1.2"
    },
    "php": {
        "version": "7.3"
    },
    "psr/http-message": {
        "version": "1.0.1"
    },
    "ralouphie/getallheaders": {
        "version": "3.0.3"
    },
    "symfony/cache-contracts": {
        "version": "v2.0.1"
    },
    "symfony/error-handler": {
        "version": "v4.4.1"
    },
    "symfony/event-dispatcher-contracts": {
        "version": "v1.1.7"
    },
    "symfony/inflector": {
        "version": "v5.0.4"
    },
    "symfony/mime": {
        "version": "v4.3.5"
    },
    "symfony/polyfill-intl-grapheme": {
        "version": "v1.13.1"
    },
    "symfony/polyfill-intl-normalizer": {
        "version": "v1.13.1"
    },
    "symfony/polyfill-php73": {
        "version": "v1.12.0"
    },
    "symfony/service-contracts": {
        "version": "v2.0.1"
    },
    "symfony/string": {
        "version": "v5.0.4"
    },
    "symfony/translation-contracts": {
        "version": "v2.0.1"
    },
    "symfony/web-server-bundle": {
        "version": "3.3",
        "recipe": {
            "repo": "github.com/symfony/recipes",
            "branch": "master",
            "version": "3.3",
            "ref": "dae9b39fd6717970be7601101ce5aa960bf53d9a"
        }
    }
}
